
Microsoft Visual Studio Solution File, Format Version 12.00
# Visual Studio Version 16
VisualStudioVersion = 16.0.31112.23
MinimumVisualStudioVersion = 10.0.40219.1
Project("{9A19103F-16F7-4668-BE54-9A1E7A4F7556}") = "PT.TrainningBesa04", "PT.TrainningBesa04.csproj", "{72C1FD91-36A2-4AAB-BA01-69201503D6F4}"
EndProject
Project("{00D1A9C2-B5F0-4AF3-8072-F6C62B433612}") = "RDL00001TrainingBesa", "..\RDL00001TrainingBesa\RDL00001TrainingBesa.sqlproj", "{7CF0B73D-FBD9-4F44-926E-FE429569EB74}"
EndProject
Project("{FAE04EC0-301F-11D3-BF4B-00C04F79EFBC}") = "PT.TrainingBesa04.Tests", "..\PT.TrainingBesa04.Tests\PT.TrainingBesa04.Tests.csproj", "{78FCFFD0-3E7E-49AA-A74B-ABB304C8EC32}"
EndProject
Global
	GlobalSection(SolutionConfigurationPlatforms) = preSolution
		Debug|Any CPU = Debug|Any CPU
		Release|Any CPU = Release|Any CPU
	EndGlobalSection
	GlobalSection(ProjectConfigurationPlatforms) = postSolution
		{72C1FD91-36A2-4AAB-BA01-69201503D6F4}.Debug|Any CPU.ActiveCfg = Debug|Any CPU
		{72C1FD91-36A2-4AAB-BA01-69201503D6F4}.Debug|Any CPU.Build.0 = Debug|Any CPU
		{72C1FD91-36A2-4AAB-BA01-69201503D6F4}.Release|Any CPU.ActiveCfg = Release|Any CPU
		{72C1FD91-36A2-4AAB-BA01-69201503D6F4}.Release|Any CPU.Build.0 = Release|Any CPU
		{7CF0B73D-FBD9-4F44-926E-FE429569EB74}.Debug|Any CPU.ActiveCfg = Debug|Any CPU
		{7CF0B73D-FBD9-4F44-926E-FE429569EB74}.Debug|Any CPU.Build.0 = Debug|Any CPU
		{7CF0B73D-FBD9-4F44-926E-FE429569EB74}.Debug|Any CPU.Deploy.0 = Debug|Any CPU
		{7CF0B73D-FBD9-4F44-926E-FE429569EB74}.Release|Any CPU.ActiveCfg = Release|Any CPU
		{7CF0B73D-FBD9-4F44-926E-FE429569EB74}.Release|Any CPU.Build.0 = Release|Any CPU
		{7CF0B73D-FBD9-4F44-926E-FE429569EB74}.Release|Any CPU.Deploy.0 = Release|Any CPU
		{78FCFFD0-3E7E-49AA-A74B-ABB304C8EC32}.Debug|Any CPU.ActiveCfg = Debug|Any CPU
		{78FCFFD0-3E7E-49AA-A74B-ABB304C8EC32}.Debug|Any CPU.Build.0 = Debug|Any CPU
		{78FCFFD0-3E7E-49AA-A74B-ABB304C8EC32}.Release|Any CPU.ActiveCfg = Release|Any CPU
		{78FCFFD0-3E7E-49AA-A74B-ABB304C8EC32}.Release|Any CPU.Build.0 = Release|Any CPU
	EndGlobalSection
	GlobalSection(SolutionProperties) = preSolution
		HideSolutionNode = FALSE
	EndGlobalSection
	GlobalSection(ExtensibilityGlobals) = postSolution
		SolutionGuid = {EE77A182-BA0F-469B-853B-8503D5337DEA}
	EndGlobalSection
EndGlobal
